// !$*UTF8*$!
{
	archiveVersion = 1;
	classes = {
	};
	objectVersion = 77;
	objects = {

/* Begin PBXBuildFile section */
		DF17B63A2CDD2996009B1E17 /* Swinject in Frameworks */ = {isa = PBXBuildFile; productRef = DF17B6392CDD2996009B1E17 /* Swinject */; };
		DF3E4A7F2CE269C900137235 /* UtilsLib in Frameworks */ = {isa = PBXBuildFile; productRef = DF3E4A7E2CE269C900137235 /* UtilsLib */; };
		DF3E4A8F2CE2CDD100137235 /* LibdigidocLib in Frameworks */ = {isa = PBXBuildFile; productRef = DF3E4A8E2CE2CDD100137235 /* LibdigidocLib */; };
		DF8424A12CD442DC003F592D /* Swinject in Frameworks */ = {isa = PBXBuildFile; productRef = DF8424A02CD442DC003F592D /* Swinject */; };
		DF9B53982CF7B01B00971F2A /* UtilsLib in Frameworks */ = {isa = PBXBuildFile; productRef = DF9B53972CF7B01B00971F2A /* UtilsLib */; };
		DFB1F12C2CF020C200185A7F /* CommonsLib in Frameworks */ = {isa = PBXBuildFile; productRef = DFB1F12B2CF020C200185A7F /* CommonsLib */; };
		DFB1F1312CF0217C00185A7F /* CommonsLib in Frameworks */ = {isa = PBXBuildFile; productRef = DFB1F1302CF0217C00185A7F /* CommonsLib */; };
		DFBD09F62CE3FBDC006AF9C2 /* LibdigidocLib in Frameworks */ = {isa = PBXBuildFile; productRef = DFBD09F52CE3FBDC006AF9C2 /* LibdigidocLib */; };
		DFBECAB22CCC2A610035F949 /* Cuckoo in Frameworks */ = {isa = PBXBuildFile; productRef = DFBECAB12CCC2A610035F949 /* Cuckoo */; };
/* End PBXBuildFile section */

/* Begin PBXContainerItemProxy section */
		DFDB148D2CC97B1000153876 /* PBXContainerItemProxy */ = {
			isa = PBXContainerItemProxy;
			containerPortal = DFDB14732CC97B0E00153876 /* Project object */;
			proxyType = 1;
			remoteGlobalIDString = DFDB147A2CC97B0E00153876;
			remoteInfo = RIADigiDoc;
		};
		DFDB14972CC97B1000153876 /* PBXContainerItemProxy */ = {
			isa = PBXContainerItemProxy;
			containerPortal = DFDB14732CC97B0E00153876 /* Project object */;
			proxyType = 1;
			remoteGlobalIDString = DFDB147A2CC97B0E00153876;
			remoteInfo = RIADigiDoc;
		};
/* End PBXContainerItemProxy section */

/* Begin PBXCopyFilesBuildPhase section */
		DFD24C3B2CD1B718004C1D2E /* Embed Frameworks */ = {
			isa = PBXCopyFilesBuildPhase;
			buildActionMask = 2147483647;
			dstPath = "";
			dstSubfolderSpec = 10;
			files = (
			);
			name = "Embed Frameworks";
			runOnlyForDeploymentPostprocessing = 0;
		};
/* End PBXCopyFilesBuildPhase section */

/* Begin PBXFileReference section */
		DF17B64D2CE26949009B1E17 /* UtilsLib */ = {isa = PBXFileReference; lastKnownFileType = wrapper; path = UtilsLib; sourceTree = "<group>"; };
		DF3E4A862CE2C54600137235 /* CommonsLib */ = {isa = PBXFileReference; lastKnownFileType = wrapper; path = CommonsLib; sourceTree = "<group>"; };
		DF3E4A872CE2C5B500137235 /* LibdigidocLib */ = {isa = PBXFileReference; lastKnownFileType = wrapper; path = LibdigidocLib; sourceTree = "<group>"; };
		DFA16B492CD18C7C0099D34F /* libdigidoclib.xcodeproj */ = {isa = PBXFileReference; lastKnownFileType = "wrapper.pb-project"; path = libdigidoclib.xcodeproj; sourceTree = "<group>"; };
		DFDB147B2CC97B0E00153876 /* RIADigiDoc.app */ = {isa = PBXFileReference; explicitFileType = wrapper.application; includeInIndex = 0; path = RIADigiDoc.app; sourceTree = BUILT_PRODUCTS_DIR; };
		DFDB148C2CC97B1000153876 /* RIADigiDocTests.xctest */ = {isa = PBXFileReference; explicitFileType = wrapper.cfbundle; includeInIndex = 0; path = RIADigiDocTests.xctest; sourceTree = BUILT_PRODUCTS_DIR; };
		DFDB14962CC97B1000153876 /* RIADigiDocUITests.xctest */ = {isa = PBXFileReference; explicitFileType = wrapper.cfbundle; includeInIndex = 0; path = RIADigiDocUITests.xctest; sourceTree = BUILT_PRODUCTS_DIR; };
/* End PBXFileReference section */

/* Begin PBXFileSystemSynchronizedBuildFileExceptionSet section */
		DF1DE0582CCB18790068283D /* Exceptions for "RIADigiDoc" folder in "RIADigiDocTests" target */ = {
			isa = PBXFileSystemSynchronizedBuildFileExceptionSet;
			membershipExceptions = (
				DI/AppAssembler.swift,
				Domain/Model/AlertMessage.swift,
				Domain/Model/SomeObject.swift,
				Domain/Repository/FileOpening/FileOpeningRepository.swift,
				Domain/Repository/FileOpening/FileOpeningRepositoryProtocol.swift,
				Domain/Repository/Some/SomeRepository.swift,
				Domain/Repository/Some/SomeRepositoryProtocol.swift,
				Domain/Service/FileOpening/FileOpeningService.swift,
				Domain/Service/FileOpening/FileOpeningServiceProtocol.swift,
				Domain/Service/Some/SomeService.swift,
				Domain/Service/Some/SomeServiceProtocol.swift,
				Errors/FileOpeningErrors.swift,
				LibrarySetup.swift,
				"Supporting files/Localizable.xcstrings",
				Util/LanguageSettings.swift,
				Util/LanguageSettingsProtocol.swift,
				ViewModel/FileOpeningViewModel.swift,
				ViewModel/MainSignatureViewModel.swift,
				ViewModel/Shared/SharedContainerViewModel.swift,
				ViewModel/SigningViewModel.swift,
				ViewModel/SomeViewModel.swift,
			);
			target = DFDB148B2CC97B1000153876 /* RIADigiDocTests */;
		};
		DF8EA12C2CC98A02004B09AA /* Exceptions for "RIADigiDoc" folder in "RIADigiDoc" target */ = {
			isa = PBXFileSystemSynchronizedBuildFileExceptionSet;
			membershipExceptions = (
				Info.plist,
			);
			target = DFDB147A2CC97B0E00153876 /* RIADigiDoc */;
		};
/* End PBXFileSystemSynchronizedBuildFileExceptionSet section */

/* Begin PBXFileSystemSynchronizedRootGroup section */
		DFDB147D2CC97B0E00153876 /* RIADigiDoc */ = {
			isa = PBXFileSystemSynchronizedRootGroup;
			exceptions = (
				DF8EA12C2CC98A02004B09AA /* Exceptions for "RIADigiDoc" folder in "RIADigiDoc" target */,
				DF1DE0582CCB18790068283D /* Exceptions for "RIADigiDoc" folder in "RIADigiDocTests" target */,
			);
			path = RIADigiDoc;
			sourceTree = "<group>";
		};
		DFDB148F2CC97B1000153876 /* RIADigiDocTests */ = {
			isa = PBXFileSystemSynchronizedRootGroup;
			path = RIADigiDocTests;
			sourceTree = "<group>";
		};
		DFDB14992CC97B1000153876 /* RIADigiDocUITests */ = {
			isa = PBXFileSystemSynchronizedRootGroup;
			path = RIADigiDocUITests;
			sourceTree = "<group>";
		};
/* End PBXFileSystemSynchronizedRootGroup section */

/* Begin PBXFrameworksBuildPhase section */
		DFDB14782CC97B0E00153876 /* Frameworks */ = {
			isa = PBXFrameworksBuildPhase;
			buildActionMask = 2147483647;
			files = (
				DF3E4A8F2CE2CDD100137235 /* LibdigidocLib in Frameworks */,
				DFB1F1312CF0217C00185A7F /* CommonsLib in Frameworks */,
				DF3E4A7F2CE269C900137235 /* UtilsLib in Frameworks */,
				DF8424A12CD442DC003F592D /* Swinject in Frameworks */,
			);
			runOnlyForDeploymentPostprocessing = 0;
		};
		DFDB14892CC97B1000153876 /* Frameworks */ = {
			isa = PBXFrameworksBuildPhase;
			buildActionMask = 2147483647;
			files = (
				DFBD09F62CE3FBDC006AF9C2 /* LibdigidocLib in Frameworks */,
				DFB1F12C2CF020C200185A7F /* CommonsLib in Frameworks */,
				DFBECAB22CCC2A610035F949 /* Cuckoo in Frameworks */,
				DF9B53982CF7B01B00971F2A /* UtilsLib in Frameworks */,
				DF17B63A2CDD2996009B1E17 /* Swinject in Frameworks */,
			);
			runOnlyForDeploymentPostprocessing = 0;
		};
		DFDB14932CC97B1000153876 /* Frameworks */ = {
			isa = PBXFrameworksBuildPhase;
			buildActionMask = 2147483647;
			files = (
			);
			runOnlyForDeploymentPostprocessing = 0;
		};
/* End PBXFrameworksBuildPhase section */

/* Begin PBXGroup section */
		DFA16AFE2CD18BD00099D34F /* Modules */ = {
			isa = PBXGroup;
			children = (
				DF17B64D2CE26949009B1E17 /* UtilsLib */,
				DF3E4A862CE2C54600137235 /* CommonsLib */,
				DF3E4A872CE2C5B500137235 /* LibdigidocLib */,
			);
			path = Modules;
			sourceTree = "<group>";
		};
		DFA16B4A2CD18C7C0099D34F /* Products */ = {
			isa = PBXGroup;
			children = (
			);
			name = Products;
			sourceTree = "<group>";
		};
		DFD24C382CD1B718004C1D2E /* Frameworks */ = {
			isa = PBXGroup;
			children = (
			);
			name = Frameworks;
			sourceTree = "<group>";
		};
		DFDB14722CC97B0E00153876 = {
			isa = PBXGroup;
			children = (
				DFDB147D2CC97B0E00153876 /* RIADigiDoc */,
				DFDB148F2CC97B1000153876 /* RIADigiDocTests */,
				DFDB14992CC97B1000153876 /* RIADigiDocUITests */,
				DFA16AFE2CD18BD00099D34F /* Modules */,
				DFD24C382CD1B718004C1D2E /* Frameworks */,
				DFDB147C2CC97B0E00153876 /* Products */,
			);
			sourceTree = "<group>";
		};
		DFDB147C2CC97B0E00153876 /* Products */ = {
			isa = PBXGroup;
			children = (
				DFDB147B2CC97B0E00153876 /* RIADigiDoc.app */,
				DFDB148C2CC97B1000153876 /* RIADigiDocTests.xctest */,
				DFDB14962CC97B1000153876 /* RIADigiDocUITests.xctest */,
			);
			name = Products;
			sourceTree = "<group>";
		};
/* End PBXGroup section */

/* Begin PBXNativeTarget section */
		DFDB147A2CC97B0E00153876 /* RIADigiDoc */ = {
			isa = PBXNativeTarget;
			buildConfigurationList = DFDB14A02CC97B1000153876 /* Build configuration list for PBXNativeTarget "RIADigiDoc" */;
			buildPhases = (
				DFDB14772CC97B0E00153876 /* Sources */,
				DFDB14782CC97B0E00153876 /* Frameworks */,
				DFDB14792CC97B0E00153876 /* Resources */,
				DFED7A602CC9A42A00D8BCA9 /* SwiftLint */,
				DFD24C3B2CD1B718004C1D2E /* Embed Frameworks */,
			);
			buildRules = (
			);
			dependencies = (
			);
			fileSystemSynchronizedGroups = (
				DFDB147D2CC97B0E00153876 /* RIADigiDoc */,
			);
			name = RIADigiDoc;
			packageProductDependencies = (
				DF8424A02CD442DC003F592D /* Swinject */,
				DF3E4A7E2CE269C900137235 /* UtilsLib */,
				DF3E4A8E2CE2CDD100137235 /* LibdigidocLib */,
				DFB1F1302CF0217C00185A7F /* CommonsLib */,
			);
			productName = RIADigiDoc;
			productReference = DFDB147B2CC97B0E00153876 /* RIADigiDoc.app */;
			productType = "com.apple.product-type.application";
		};
		DFDB148B2CC97B1000153876 /* RIADigiDocTests */ = {
			isa = PBXNativeTarget;
			buildConfigurationList = DFDB14A32CC97B1000153876 /* Build configuration list for PBXNativeTarget "RIADigiDocTests" */;
			buildPhases = (
				DFDB14882CC97B1000153876 /* Sources */,
				DFDB14892CC97B1000153876 /* Frameworks */,
				DFDB148A2CC97B1000153876 /* Resources */,
			);
			buildRules = (
			);
			dependencies = (
				DFBECAB42CCC2A730035F949 /* PBXTargetDependency */,
				DFDB148E2CC97B1000153876 /* PBXTargetDependency */,
			);
			fileSystemSynchronizedGroups = (
				DFDB148F2CC97B1000153876 /* RIADigiDocTests */,
			);
			name = RIADigiDocTests;
			packageProductDependencies = (
				DFBECAB12CCC2A610035F949 /* Cuckoo */,
				DF17B6392CDD2996009B1E17 /* Swinject */,
				DFBD09F52CE3FBDC006AF9C2 /* LibdigidocLib */,
				DFB1F12B2CF020C200185A7F /* CommonsLib */,
				DF9B53972CF7B01B00971F2A /* UtilsLib */,
			);
			productName = RIADigiDocTests;
			productReference = DFDB148C2CC97B1000153876 /* RIADigiDocTests.xctest */;
			productType = "com.apple.product-type.bundle.unit-test";
		};
		DFDB14952CC97B1000153876 /* RIADigiDocUITests */ = {
			isa = PBXNativeTarget;
			buildConfigurationList = DFDB14A62CC97B1000153876 /* Build configuration list for PBXNativeTarget "RIADigiDocUITests" */;
			buildPhases = (
				DFDB14922CC97B1000153876 /* Sources */,
				DFDB14932CC97B1000153876 /* Frameworks */,
				DFDB14942CC97B1000153876 /* Resources */,
			);
			buildRules = (
			);
			dependencies = (
				DFDB14982CC97B1000153876 /* PBXTargetDependency */,
			);
			fileSystemSynchronizedGroups = (
				DFDB14992CC97B1000153876 /* RIADigiDocUITests */,
			);
			name = RIADigiDocUITests;
			packageProductDependencies = (
			);
			productName = RIADigiDocUITests;
			productReference = DFDB14962CC97B1000153876 /* RIADigiDocUITests.xctest */;
			productType = "com.apple.product-type.bundle.ui-testing";
		};
/* End PBXNativeTarget section */

/* Begin PBXProject section */
		DFDB14732CC97B0E00153876 /* Project object */ = {
			isa = PBXProject;
			attributes = {
				BuildIndependentTargetsInParallel = 1;
				LastSwiftUpdateCheck = 1610;
				LastUpgradeCheck = 1610;
				ORGANIZATIONNAME = "Riigi Infosüsteemi Amet";
				TargetAttributes = {
					DFDB147A2CC97B0E00153876 = {
						CreatedOnToolsVersion = 16.0;
					};
					DFDB148B2CC97B1000153876 = {
						CreatedOnToolsVersion = 16.0;
						TestTargetID = DFDB147A2CC97B0E00153876;
					};
					DFDB14952CC97B1000153876 = {
						CreatedOnToolsVersion = 16.0;
						TestTargetID = DFDB147A2CC97B0E00153876;
					};
				};
			};
			buildConfigurationList = DFDB14762CC97B0E00153876 /* Build configuration list for PBXProject "RIADigiDoc" */;
			developmentRegion = en;
			hasScannedForEncodings = 0;
			knownRegions = (
				en,
				Base,
				et,
				ru,
			);
			mainGroup = DFDB14722CC97B0E00153876;
			minimizedProjectReferenceProxies = 1;
			packageReferences = (
				DFED7A5F2CC9A3B200D8BCA9 /* XCRemoteSwiftPackageReference "SwiftLintPlugins" */,
				DFBECAB02CCC2A610035F949 /* XCRemoteSwiftPackageReference "Cuckoo" */,
				DF84249F2CD442DC003F592D /* XCRemoteSwiftPackageReference "Swinject" */,
			);
			preferredProjectObjectVersion = 77;
			productRefGroup = DFDB147C2CC97B0E00153876 /* Products */;
			projectDirPath = "";
			projectReferences = (
				{
					ProductGroup = DFA16B4A2CD18C7C0099D34F /* Products */;
					ProjectRef = DFA16B492CD18C7C0099D34F /* libdigidoclib.xcodeproj */;
				},
			);
			projectRoot = "";
			targets = (
				DFDB147A2CC97B0E00153876 /* RIADigiDoc */,
				DFDB148B2CC97B1000153876 /* RIADigiDocTests */,
				DFDB14952CC97B1000153876 /* RIADigiDocUITests */,
			);
		};
/* End PBXProject section */

/* Begin PBXResourcesBuildPhase section */
		DFDB14792CC97B0E00153876 /* Resources */ = {
			isa = PBXResourcesBuildPhase;
			buildActionMask = 2147483647;
			files = (
			);
			runOnlyForDeploymentPostprocessing = 0;
		};
		DFDB148A2CC97B1000153876 /* Resources */ = {
			isa = PBXResourcesBuildPhase;
			buildActionMask = 2147483647;
			files = (
			);
			runOnlyForDeploymentPostprocessing = 0;
		};
		DFDB14942CC97B1000153876 /* Resources */ = {
			isa = PBXResourcesBuildPhase;
			buildActionMask = 2147483647;
			files = (
			);
			runOnlyForDeploymentPostprocessing = 0;
		};
/* End PBXResourcesBuildPhase section */

/* Begin PBXShellScriptBuildPhase section */
		DFED7A602CC9A42A00D8BCA9 /* SwiftLint */ = {
			isa = PBXShellScriptBuildPhase;
			alwaysOutOfDate = 1;
			buildActionMask = 2147483647;
			files = (
			);
			inputFileListPaths = (
			);
			inputPaths = (
			);
			name = SwiftLint;
			outputFileListPaths = (
			);
			outputPaths = (
			);
			runOnlyForDeploymentPostprocessing = 0;
			shellPath = /bin/sh;
			shellScript = "if [ \"${CONFIGURATION}\" = \"Debug\" ]; then\n    SWIFT_PACKAGE_DIR=\"${BUILD_DIR%Build/*}SourcePackages/artifacts\"\n    SWIFTLINT_CMD=$(ls \"$SWIFT_PACKAGE_DIR\"/swiftlintplugins/SwiftLintBinary/SwiftLintBinary.artifactbundle/swiftlint-*/bin/swiftlint | head -n 1)\n\n    if test -f \"$SWIFTLINT_CMD\" 2>&1\n    then\n        \"$SWIFTLINT_CMD\"\n    else\n        echo \"warning: `swiftlint` command not found - See https://github.com/realm/SwiftLint#installation for installation instructions.\"\n    fi\nelse\n    echo \"Skipping SwiftLint for '${CONFIGURATION}' configuration.\"\nfi\n";
			showEnvVarsInLog = 0;
		};
/* End PBXShellScriptBuildPhase section */

/* Begin PBXSourcesBuildPhase section */
		DFDB14772CC97B0E00153876 /* Sources */ = {
			isa = PBXSourcesBuildPhase;
			buildActionMask = 2147483647;
			files = (
			);
			runOnlyForDeploymentPostprocessing = 0;
		};
		DFDB14882CC97B1000153876 /* Sources */ = {
			isa = PBXSourcesBuildPhase;
			buildActionMask = 2147483647;
			files = (
			);
			runOnlyForDeploymentPostprocessing = 0;
		};
		DFDB14922CC97B1000153876 /* Sources */ = {
			isa = PBXSourcesBuildPhase;
			buildActionMask = 2147483647;
			files = (
			);
			runOnlyForDeploymentPostprocessing = 0;
		};
/* End PBXSourcesBuildPhase section */

/* Begin PBXTargetDependency section */
		DFBECAB42CCC2A730035F949 /* PBXTargetDependency */ = {
			isa = PBXTargetDependency;
			productRef = DFBECAB32CCC2A730035F949 /* CuckooPluginSingleFile */;
		};
		DFDB148E2CC97B1000153876 /* PBXTargetDependency */ = {
			isa = PBXTargetDependency;
			target = DFDB147A2CC97B0E00153876 /* RIADigiDoc */;
			targetProxy = DFDB148D2CC97B1000153876 /* PBXContainerItemProxy */;
		};
		DFDB14982CC97B1000153876 /* PBXTargetDependency */ = {
			isa = PBXTargetDependency;
			target = DFDB147A2CC97B0E00153876 /* RIADigiDoc */;
			targetProxy = DFDB14972CC97B1000153876 /* PBXContainerItemProxy */;
		};
/* End PBXTargetDependency section */

/* Begin XCBuildConfiguration section */
		DFDB149E2CC97B1000153876 /* Debug */ = {
			isa = XCBuildConfiguration;
			buildSettings = {
				ALWAYS_SEARCH_USER_PATHS = NO;
				ASSETCATALOG_COMPILER_GENERATE_SWIFT_ASSET_SYMBOL_EXTENSIONS = YES;
				CLANG_ANALYZER_NONNULL = YES;
				CLANG_ANALYZER_NUMBER_OBJECT_CONVERSION = YES_AGGRESSIVE;
				CLANG_CXX_LANGUAGE_STANDARD = "gnu++20";
				CLANG_ENABLE_MODULES = YES;
				CLANG_ENABLE_OBJC_ARC = YES;
				CLANG_ENABLE_OBJC_WEAK = YES;
				CLANG_WARN_BLOCK_CAPTURE_AUTORELEASING = YES;
				CLANG_WARN_BOOL_CONVERSION = YES;
				CLANG_WARN_COMMA = YES;
				CLANG_WARN_CONSTANT_CONVERSION = YES;
				CLANG_WARN_DEPRECATED_OBJC_IMPLEMENTATIONS = YES;
				CLANG_WARN_DIRECT_OBJC_ISA_USAGE = YES_ERROR;
				CLANG_WARN_DOCUMENTATION_COMMENTS = YES;
				CLANG_WARN_EMPTY_BODY = YES;
				CLANG_WARN_ENUM_CONVERSION = YES;
				CLANG_WARN_INFINITE_RECURSION = YES;
				CLANG_WARN_INT_CONVERSION = YES;
				CLANG_WARN_NON_LITERAL_NULL_CONVERSION = YES;
				CLANG_WARN_OBJC_IMPLICIT_RETAIN_SELF = YES;
				CLANG_WARN_OBJC_LITERAL_CONVERSION = YES;
				CLANG_WARN_OBJC_ROOT_CLASS = YES_ERROR;
				CLANG_WARN_QUOTED_INCLUDE_IN_FRAMEWORK_HEADER = YES;
				CLANG_WARN_RANGE_LOOP_ANALYSIS = YES;
				CLANG_WARN_STRICT_PROTOTYPES = YES;
				CLANG_WARN_SUSPICIOUS_MOVE = YES;
				CLANG_WARN_UNGUARDED_AVAILABILITY = YES_AGGRESSIVE;
				CLANG_WARN_UNREACHABLE_CODE = YES;
				CLANG_WARN__DUPLICATE_METHOD_MATCH = YES;
				COPY_PHASE_STRIP = NO;
				DEAD_CODE_STRIPPING = YES;
				DEBUG_INFORMATION_FORMAT = dwarf;
				ENABLE_STRICT_OBJC_MSGSEND = YES;
				ENABLE_TESTABILITY = YES;
				ENABLE_USER_SCRIPT_SANDBOXING = YES;
				GCC_C_LANGUAGE_STANDARD = gnu17;
				GCC_DYNAMIC_NO_PIC = NO;
				GCC_NO_COMMON_BLOCKS = YES;
				GCC_OPTIMIZATION_LEVEL = 0;
				GCC_PREPROCESSOR_DEFINITIONS = (
					"DEBUG=1",
					"$(inherited)",
				);
				GCC_WARN_64_TO_32_BIT_CONVERSION = YES;
				GCC_WARN_ABOUT_RETURN_TYPE = YES_ERROR;
				GCC_WARN_UNDECLARED_SELECTOR = YES;
				GCC_WARN_UNINITIALIZED_AUTOS = YES_AGGRESSIVE;
				GCC_WARN_UNUSED_FUNCTION = YES;
				GCC_WARN_UNUSED_VARIABLE = YES;
				LOCALIZATION_PREFERS_STRING_CATALOGS = YES;
				MTL_ENABLE_DEBUG_INFO = INCLUDE_SOURCE;
				MTL_FAST_MATH = YES;
				ONLY_ACTIVE_ARCH = YES;
				SWIFT_ACTIVE_COMPILATION_CONDITIONS = "DEBUG $(inherited)";
				SWIFT_EMIT_LOC_STRINGS = YES;
				SWIFT_OPTIMIZATION_LEVEL = "-Onone";
				SWIFT_VERSION = 6.0;
			};
			name = Debug;
		};
		DFDB149F2CC97B1000153876 /* Release */ = {
			isa = XCBuildConfiguration;
			buildSettings = {
				ALWAYS_SEARCH_USER_PATHS = NO;
				ASSETCATALOG_COMPILER_GENERATE_SWIFT_ASSET_SYMBOL_EXTENSIONS = YES;
				CLANG_ANALYZER_NONNULL = YES;
				CLANG_ANALYZER_NUMBER_OBJECT_CONVERSION = YES_AGGRESSIVE;
				CLANG_CXX_LANGUAGE_STANDARD = "gnu++20";
				CLANG_ENABLE_MODULES = YES;
				CLANG_ENABLE_OBJC_ARC = YES;
				CLANG_ENABLE_OBJC_WEAK = YES;
				CLANG_WARN_BLOCK_CAPTURE_AUTORELEASING = YES;
				CLANG_WARN_BOOL_CONVERSION = YES;
				CLANG_WARN_COMMA = YES;
				CLANG_WARN_CONSTANT_CONVERSION = YES;
				CLANG_WARN_DEPRECATED_OBJC_IMPLEMENTATIONS = YES;
				CLANG_WARN_DIRECT_OBJC_ISA_USAGE = YES_ERROR;
				CLANG_WARN_DOCUMENTATION_COMMENTS = YES;
				CLANG_WARN_EMPTY_BODY = YES;
				CLANG_WARN_ENUM_CONVERSION = YES;
				CLANG_WARN_INFINITE_RECURSION = YES;
				CLANG_WARN_INT_CONVERSION = YES;
				CLANG_WARN_NON_LITERAL_NULL_CONVERSION = YES;
				CLANG_WARN_OBJC_IMPLICIT_RETAIN_SELF = YES;
				CLANG_WARN_OBJC_LITERAL_CONVERSION = YES;
				CLANG_WARN_OBJC_ROOT_CLASS = YES_ERROR;
				CLANG_WARN_QUOTED_INCLUDE_IN_FRAMEWORK_HEADER = YES;
				CLANG_WARN_RANGE_LOOP_ANALYSIS = YES;
				CLANG_WARN_STRICT_PROTOTYPES = YES;
				CLANG_WARN_SUSPICIOUS_MOVE = YES;
				CLANG_WARN_UNGUARDED_AVAILABILITY = YES_AGGRESSIVE;
				CLANG_WARN_UNREACHABLE_CODE = YES;
				CLANG_WARN__DUPLICATE_METHOD_MATCH = YES;
				COPY_PHASE_STRIP = NO;
				DEAD_CODE_STRIPPING = YES;
				DEBUG_INFORMATION_FORMAT = "dwarf-with-dsym";
				ENABLE_NS_ASSERTIONS = NO;
				ENABLE_STRICT_OBJC_MSGSEND = YES;
				ENABLE_USER_SCRIPT_SANDBOXING = YES;
				GCC_C_LANGUAGE_STANDARD = gnu17;
				GCC_NO_COMMON_BLOCKS = YES;
				GCC_WARN_64_TO_32_BIT_CONVERSION = YES;
				GCC_WARN_ABOUT_RETURN_TYPE = YES_ERROR;
				GCC_WARN_UNDECLARED_SELECTOR = YES;
				GCC_WARN_UNINITIALIZED_AUTOS = YES_AGGRESSIVE;
				GCC_WARN_UNUSED_FUNCTION = YES;
				GCC_WARN_UNUSED_VARIABLE = YES;
				LOCALIZATION_PREFERS_STRING_CATALOGS = YES;
				MTL_ENABLE_DEBUG_INFO = NO;
				MTL_FAST_MATH = YES;
				SWIFT_COMPILATION_MODE = wholemodule;
				SWIFT_EMIT_LOC_STRINGS = YES;
				SWIFT_VERSION = 6.0;
			};
			name = Release;
		};
		DFDB14A12CC97B1000153876 /* Debug */ = {
			isa = XCBuildConfiguration;
			buildSettings = {
				ASSETCATALOG_COMPILER_APPICON_NAME = AppIcon;
				ASSETCATALOG_COMPILER_GLOBAL_ACCENT_COLOR_NAME = AccentColor;
				CODE_SIGN_ENTITLEMENTS = RIADigiDoc/RIADigiDoc.entitlements;
				CODE_SIGN_IDENTITY = "Apple Development";
				CODE_SIGN_STYLE = Manual;
				CURRENT_PROJECT_VERSION = 1;
				DEAD_CODE_STRIPPING = YES;
				DEVELOPMENT_ASSET_PATHS = "\"RIADigiDoc/Preview Content\"";
				DEVELOPMENT_TEAM = "";
				ENABLE_HARDENED_RUNTIME = YES;
				ENABLE_PREVIEWS = YES;
				ENABLE_USER_SCRIPT_SANDBOXING = NO;
				GENERATE_INFOPLIST_FILE = YES;
				INFOPLIST_FILE = RIADigiDoc/Info.plist;
				INFOPLIST_KEY_CFBundleDisplayName = "RIA DigiDoc";
				INFOPLIST_KEY_LSApplicationCategoryType = "public.app-category.business";
				"INFOPLIST_KEY_UIApplicationSceneManifest_Generation[sdk=iphoneos*]" = YES;
				"INFOPLIST_KEY_UIApplicationSceneManifest_Generation[sdk=iphonesimulator*]" = YES;
				"INFOPLIST_KEY_UIApplicationSupportsIndirectInputEvents[sdk=iphoneos*]" = YES;
				"INFOPLIST_KEY_UIApplicationSupportsIndirectInputEvents[sdk=iphonesimulator*]" = YES;
				"INFOPLIST_KEY_UILaunchScreen_Generation[sdk=iphoneos*]" = YES;
				"INFOPLIST_KEY_UILaunchScreen_Generation[sdk=iphonesimulator*]" = YES;
				INFOPLIST_KEY_UILaunchStoryboardName = LaunchScreen;
				"INFOPLIST_KEY_UIStatusBarStyle[sdk=iphoneos*]" = UIStatusBarStyleDefault;
				"INFOPLIST_KEY_UIStatusBarStyle[sdk=iphonesimulator*]" = UIStatusBarStyleDefault;
				INFOPLIST_KEY_UISupportedInterfaceOrientations_iPad = "UIInterfaceOrientationPortrait UIInterfaceOrientationPortraitUpsideDown UIInterfaceOrientationLandscapeLeft UIInterfaceOrientationLandscapeRight";
				INFOPLIST_KEY_UISupportedInterfaceOrientations_iPhone = "UIInterfaceOrientationPortrait UIInterfaceOrientationLandscapeLeft UIInterfaceOrientationLandscapeRight";
				IPHONEOS_DEPLOYMENT_TARGET = 15.0;
				LD_RUNPATH_SEARCH_PATHS = "@executable_path/Frameworks";
				"LD_RUNPATH_SEARCH_PATHS[sdk=macosx*]" = "@executable_path/../Frameworks";
				MACOSX_DEPLOYMENT_TARGET = 13.0;
				MARKETING_VERSION = 3.0;
				PRODUCT_BUNDLE_IDENTIFIER = ee.ria.digidoc;
				PRODUCT_NAME = "$(TARGET_NAME)";
				PROVISIONING_PROFILE_SPECIFIER = "";
				SDKROOT = auto;
				SUPPORTED_PLATFORMS = "iphoneos iphonesimulator";
				SUPPORTS_MACCATALYST = NO;
				SWIFT_EMIT_LOC_STRINGS = YES;
				SWIFT_OBJC_INTEROP_MODE = objcxx;
				SWIFT_VERSION = 6.0;
				TARGETED_DEVICE_FAMILY = "1,2";
				XROS_DEPLOYMENT_TARGET = 2.0;
			};
			name = Debug;
		};
		DFDB14A22CC97B1000153876 /* Release */ = {
			isa = XCBuildConfiguration;
			buildSettings = {
				ASSETCATALOG_COMPILER_APPICON_NAME = AppIcon;
				ASSETCATALOG_COMPILER_GLOBAL_ACCENT_COLOR_NAME = AccentColor;
				CODE_SIGN_ENTITLEMENTS = RIADigiDoc/RIADigiDoc.entitlements;
				CODE_SIGN_IDENTITY = "Apple Development";
				CODE_SIGN_STYLE = Manual;
				CURRENT_PROJECT_VERSION = 1;
				DEAD_CODE_STRIPPING = YES;
				DEVELOPMENT_ASSET_PATHS = "\"RIADigiDoc/Preview Content\"";
				DEVELOPMENT_TEAM = "";
				ENABLE_HARDENED_RUNTIME = YES;
				ENABLE_PREVIEWS = YES;
				ENABLE_USER_SCRIPT_SANDBOXING = YES;
				GENERATE_INFOPLIST_FILE = YES;
				INFOPLIST_FILE = RIADigiDoc/Info.plist;
				INFOPLIST_KEY_CFBundleDisplayName = "RIA DigiDoc";
				INFOPLIST_KEY_LSApplicationCategoryType = "public.app-category.business";
				"INFOPLIST_KEY_UIApplicationSceneManifest_Generation[sdk=iphoneos*]" = YES;
				"INFOPLIST_KEY_UIApplicationSceneManifest_Generation[sdk=iphonesimulator*]" = YES;
				"INFOPLIST_KEY_UIApplicationSupportsIndirectInputEvents[sdk=iphoneos*]" = YES;
				"INFOPLIST_KEY_UIApplicationSupportsIndirectInputEvents[sdk=iphonesimulator*]" = YES;
				"INFOPLIST_KEY_UILaunchScreen_Generation[sdk=iphoneos*]" = YES;
				"INFOPLIST_KEY_UILaunchScreen_Generation[sdk=iphonesimulator*]" = YES;
				INFOPLIST_KEY_UILaunchStoryboardName = LaunchScreen;
				"INFOPLIST_KEY_UIStatusBarStyle[sdk=iphoneos*]" = UIStatusBarStyleDefault;
				"INFOPLIST_KEY_UIStatusBarStyle[sdk=iphonesimulator*]" = UIStatusBarStyleDefault;
				INFOPLIST_KEY_UISupportedInterfaceOrientations_iPad = "UIInterfaceOrientationPortrait UIInterfaceOrientationPortraitUpsideDown UIInterfaceOrientationLandscapeLeft UIInterfaceOrientationLandscapeRight";
				INFOPLIST_KEY_UISupportedInterfaceOrientations_iPhone = "UIInterfaceOrientationPortrait UIInterfaceOrientationLandscapeLeft UIInterfaceOrientationLandscapeRight";
				IPHONEOS_DEPLOYMENT_TARGET = 15.0;
				LD_RUNPATH_SEARCH_PATHS = "@executable_path/Frameworks";
				"LD_RUNPATH_SEARCH_PATHS[sdk=macosx*]" = "@executable_path/../Frameworks";
				MACOSX_DEPLOYMENT_TARGET = 13.0;
				MARKETING_VERSION = 3.0;
				PRODUCT_BUNDLE_IDENTIFIER = ee.ria.digidoc;
				PRODUCT_NAME = "$(TARGET_NAME)";
				PROVISIONING_PROFILE_SPECIFIER = "";
				SDKROOT = auto;
				SUPPORTED_PLATFORMS = "iphoneos iphonesimulator";
				SUPPORTS_MACCATALYST = NO;
				SWIFT_EMIT_LOC_STRINGS = YES;
				SWIFT_OBJC_INTEROP_MODE = objcxx;
				SWIFT_VERSION = 6.0;
				TARGETED_DEVICE_FAMILY = "1,2";
				XROS_DEPLOYMENT_TARGET = 2.0;
			};
			name = Release;
		};
		DFDB14A42CC97B1000153876 /* Debug */ = {
			isa = XCBuildConfiguration;
			buildSettings = {
				BUNDLE_LOADER = "$(TEST_HOST)";
				CODE_SIGN_STYLE = Manual;
				CURRENT_PROJECT_VERSION = 1;
				DEAD_CODE_STRIPPING = YES;
				DEVELOPMENT_TEAM = "";
				ENABLE_USER_SCRIPT_SANDBOXING = NO;
				GENERATE_INFOPLIST_FILE = YES;
				IPHONEOS_DEPLOYMENT_TARGET = 15.0;
				MACOSX_DEPLOYMENT_TARGET = 13.0;
				MARKETING_VERSION = 1.0;
				PRODUCT_BUNDLE_IDENTIFIER = ee.ria.digidocTests;
				PRODUCT_NAME = "$(TARGET_NAME)";
				PROVISIONING_PROFILE_SPECIFIER = "";
				SDKROOT = auto;
				SUPPORTED_PLATFORMS = "iphoneos iphonesimulator macosx xros xrsimulator";
				SWIFT_EMIT_LOC_STRINGS = NO;
				SWIFT_VERSION = 5.0;
				TARGETED_DEVICE_FAMILY = "1,2,7";
				TEST_HOST = "$(BUILT_PRODUCTS_DIR)/RIADigiDoc.app/$(BUNDLE_EXECUTABLE_FOLDER_PATH)/RIADigiDoc";
				XROS_DEPLOYMENT_TARGET = 2.0;
			};
			name = Debug;
		};
		DFDB14A52CC97B1000153876 /* Release */ = {
			isa = XCBuildConfiguration;
			buildSettings = {
				BUNDLE_LOADER = "$(TEST_HOST)";
				CODE_SIGN_STYLE = Manual;
				CURRENT_PROJECT_VERSION = 1;
				DEAD_CODE_STRIPPING = YES;
				DEVELOPMENT_TEAM = "";
				ENABLE_USER_SCRIPT_SANDBOXING = YES;
				GENERATE_INFOPLIST_FILE = YES;
				IPHONEOS_DEPLOYMENT_TARGET = 15.0;
				MACOSX_DEPLOYMENT_TARGET = 13.0;
				MARKETING_VERSION = 1.0;
				PRODUCT_BUNDLE_IDENTIFIER = ee.ria.digidocTests;
				PRODUCT_NAME = "$(TARGET_NAME)";
				PROVISIONING_PROFILE_SPECIFIER = "";
				SDKROOT = auto;
				SUPPORTED_PLATFORMS = "iphoneos iphonesimulator macosx xros xrsimulator";
				SWIFT_EMIT_LOC_STRINGS = NO;
				SWIFT_VERSION = 5.0;
				TARGETED_DEVICE_FAMILY = "1,2,7";
				TEST_HOST = "$(BUILT_PRODUCTS_DIR)/RIADigiDoc.app/$(BUNDLE_EXECUTABLE_FOLDER_PATH)/RIADigiDoc";
				XROS_DEPLOYMENT_TARGET = 2.0;
			};
			name = Release;
		};
		DFDB14A72CC97B1000153876 /* Debug */ = {
			isa = XCBuildConfiguration;
			buildSettings = {
				CODE_SIGN_STYLE = Manual;
				CURRENT_PROJECT_VERSION = 1;
				DEAD_CODE_STRIPPING = YES;
				DEVELOPMENT_TEAM = "";
				GENERATE_INFOPLIST_FILE = YES;
				IPHONEOS_DEPLOYMENT_TARGET = 15.0;
				MACOSX_DEPLOYMENT_TARGET = 13.0;
				MARKETING_VERSION = 1.0;
				PRODUCT_BUNDLE_IDENTIFIER = ee.ria.digidocUITests;
				PRODUCT_NAME = "$(TARGET_NAME)";
				PROVISIONING_PROFILE_SPECIFIER = "";
				SDKROOT = auto;
				SUPPORTED_PLATFORMS = "iphoneos iphonesimulator macosx xros xrsimulator";
				SWIFT_EMIT_LOC_STRINGS = NO;
				SWIFT_VERSION = 6.0;
				TARGETED_DEVICE_FAMILY = "1,2,7";
				TEST_TARGET_NAME = RIADigiDoc;
				XROS_DEPLOYMENT_TARGET = 2.0;
			};
			name = Debug;
		};
		DFDB14A82CC97B1000153876 /* Release */ = {
			isa = XCBuildConfiguration;
			buildSettings = {
				CODE_SIGN_STYLE = Manual;
				CURRENT_PROJECT_VERSION = 1;
				DEAD_CODE_STRIPPING = YES;
				DEVELOPMENT_TEAM = "";
				GENERATE_INFOPLIST_FILE = YES;
				IPHONEOS_DEPLOYMENT_TARGET = 15.0;
				MACOSX_DEPLOYMENT_TARGET = 13.0;
				MARKETING_VERSION = 1.0;
				PRODUCT_BUNDLE_IDENTIFIER = ee.ria.digidocUITests;
				PRODUCT_NAME = "$(TARGET_NAME)";
				PROVISIONING_PROFILE_SPECIFIER = "";
				SDKROOT = auto;
				SUPPORTED_PLATFORMS = "iphoneos iphonesimulator macosx xros xrsimulator";
				SWIFT_EMIT_LOC_STRINGS = NO;
				SWIFT_VERSION = 6.0;
				TARGETED_DEVICE_FAMILY = "1,2,7";
				TEST_TARGET_NAME = RIADigiDoc;
				XROS_DEPLOYMENT_TARGET = 2.0;
			};
			name = Release;
		};
/* End XCBuildConfiguration section */

/* Begin XCConfigurationList section */
		DFDB14762CC97B0E00153876 /* Build configuration list for PBXProject "RIADigiDoc" */ = {
			isa = XCConfigurationList;
			buildConfigurations = (
				DFDB149E2CC97B1000153876 /* Debug */,
				DFDB149F2CC97B1000153876 /* Release */,
			);
			defaultConfigurationIsVisible = 0;
			defaultConfigurationName = Release;
		};
		DFDB14A02CC97B1000153876 /* Build configuration list for PBXNativeTarget "RIADigiDoc" */ = {
			isa = XCConfigurationList;
			buildConfigurations = (
				DFDB14A12CC97B1000153876 /* Debug */,
				DFDB14A22CC97B1000153876 /* Release */,
			);
			defaultConfigurationIsVisible = 0;
			defaultConfigurationName = Release;
		};
		DFDB14A32CC97B1000153876 /* Build configuration list for PBXNativeTarget "RIADigiDocTests" */ = {
			isa = XCConfigurationList;
			buildConfigurations = (
				DFDB14A42CC97B1000153876 /* Debug */,
				DFDB14A52CC97B1000153876 /* Release */,
			);
			defaultConfigurationIsVisible = 0;
			defaultConfigurationName = Release;
		};
		DFDB14A62CC97B1000153876 /* Build configuration list for PBXNativeTarget "RIADigiDocUITests" */ = {
			isa = XCConfigurationList;
			buildConfigurations = (
				DFDB14A72CC97B1000153876 /* Debug */,
				DFDB14A82CC97B1000153876 /* Release */,
			);
			defaultConfigurationIsVisible = 0;
			defaultConfigurationName = Release;
		};
/* End XCConfigurationList section */

/* Begin XCRemoteSwiftPackageReference section */
		DF84249F2CD442DC003F592D /* XCRemoteSwiftPackageReference "Swinject" */ = {
			isa = XCRemoteSwiftPackageReference;
			repositoryURL = "https://github.com/Swinject/Swinject.git";
			requirement = {
				kind = exactVersion;
				version = 2.9.1;
			};
		};
		DFBECAB02CCC2A610035F949 /* XCRemoteSwiftPackageReference "Cuckoo" */ = {
			isa = XCRemoteSwiftPackageReference;
			repositoryURL = "https://github.com/Brightify/Cuckoo.git";
			requirement = {
				kind = exactVersion;
				version = 2.0.10;
			};
		};
		DFED7A5F2CC9A3B200D8BCA9 /* XCRemoteSwiftPackageReference "SwiftLintPlugins" */ = {
			isa = XCRemoteSwiftPackageReference;
			repositoryURL = "https://github.com/SimplyDanny/SwiftLintPlugins";
			requirement = {
				kind = exactVersion;
				version = 0.57.0;
			};
		};
/* End XCRemoteSwiftPackageReference section */

/* Begin XCSwiftPackageProductDependency section */
		DF17B6392CDD2996009B1E17 /* Swinject */ = {
			isa = XCSwiftPackageProductDependency;
			package = DF84249F2CD442DC003F592D /* XCRemoteSwiftPackageReference "Swinject" */;
			productName = Swinject;
		};
		DF3E4A7E2CE269C900137235 /* UtilsLib */ = {
			isa = XCSwiftPackageProductDependency;
			productName = UtilsLib;
		};
		DF3E4A8E2CE2CDD100137235 /* LibdigidocLib */ = {
			isa = XCSwiftPackageProductDependency;
			productName = LibdigidocLib;
		};
		DF8424A02CD442DC003F592D /* Swinject */ = {
			isa = XCSwiftPackageProductDependency;
			package = DF84249F2CD442DC003F592D /* XCRemoteSwiftPackageReference "Swinject" */;
			productName = Swinject;
		};
		DF9B53972CF7B01B00971F2A /* UtilsLib */ = {
			isa = XCSwiftPackageProductDependency;
			productName = UtilsLib;
		};
		DFB1F12B2CF020C200185A7F /* CommonsLib */ = {
			isa = XCSwiftPackageProductDependency;
			productName = CommonsLib;
		};
		DFB1F1302CF0217C00185A7F /* CommonsLib */ = {
			isa = XCSwiftPackageProductDependency;
			productName = CommonsLib;
		};
		DFBD09F52CE3FBDC006AF9C2 /* LibdigidocLib */ = {
			isa = XCSwiftPackageProductDependency;
			productName = LibdigidocLib;
		};
		DFBECAB12CCC2A610035F949 /* Cuckoo */ = {
			isa = XCSwiftPackageProductDependency;
			package = DFBECAB02CCC2A610035F949 /* XCRemoteSwiftPackageReference "Cuckoo" */;
			productName = Cuckoo;
		};
		DFBECAB32CCC2A730035F949 /* CuckooPluginSingleFile */ = {
			isa = XCSwiftPackageProductDependency;
			package = DFBECAB02CCC2A610035F949 /* XCRemoteSwiftPackageReference "Cuckoo" */;
			productName = "plugin:CuckooPluginSingleFile";
		};
/* End XCSwiftPackageProductDependency section */
	};
	rootObject = DFDB14732CC97B0E00153876 /* Project object */;
}
